
Microsoft Visual Studio Solution File, Format Version 12.00
# Visual Studio 2012
Project("{FAE04EC0-301F-11D3-BF4B-00C04F79EFBC}") = "WinFormMenuBarreOutilsEtat", "WinFormMenuBarreOutilsEtat\WinFormMenuBarreOutilsEtat.csproj", "{32CD70E7-614A-4924-A34E-00D735A9F85F}"
EndProject
Project("{FAE04EC0-301F-11D3-BF4B-00C04F79EFBC}") = "WinFormControleSaisie", "WinFormControleSaisie\WinFormControleSaisie\WinFormControleSaisie.csproj", "{DDC41CC0-FA11-4277-9379-9CD4323C2CAF}"
EndProject
Project("{FAE04EC0-301F-11D3-BF4B-00C04F79EFBC}") = "WinFormAdditioneur", "WinFormAdditioneur\WinFormAdditioneur\WinFormAdditioneur.csproj", "{F71EFFFE-6AE8-471F-B3EB-D7F22EFE5F13}"
EndProject
Project("{FAE04EC0-301F-11D3-BF4B-00C04F79EFBC}") = "CheckBoxBoutonRadio", "CheckBoxBoutonRadio\CheckBoxBoutonRadio\CheckBoxBoutonRadio.csproj", "{A0AAF38D-8D7B-4255-B559-0EEFC66810C6}"
EndProject
Project("{FAE04EC0-301F-11D3-BF4B-00C04F79EFBC}") = "WindowsListBox", "WindowsListBox\WindowsListBox\WindowsListBox.csproj", "{99623E6B-80E6-43A0-87C8-77C52D4C6A86}"
EndProject
Project("{FAE04EC0-301F-11D3-BF4B-00C04F79EFBC}") = "WinFormListBoxComboBox", "WinFormListBoxComboBox\WinFormListBoxComboBox\WinFormListBoxComboBox.csproj", "{C8A59D49-C9B0-486F-B12B-58FB15BF4722}"
EndProject
Project("{FAE04EC0-301F-11D3-BF4B-00C04F79EFBC}") = "WinFormDefilement", "WinFormDefilement\WinFormDefilement\WinFormDefilement.csproj", "{6120346B-33CF-4E5D-B82F-256A4E53240A}"
EndProject
Project("{FAE04EC0-301F-11D3-BF4B-00C04F79EFBC}") = "WinFormSynthese", "WinFormSynthese\WinFormSynthese\WinFormSynthese.csproj", "{17D2D090-F71B-457E-AD1A-10A3F09F701F}"
EndProject
Global
	GlobalSection(SolutionConfigurationPlatforms) = preSolution
		Debug|Any CPU = Debug|Any CPU
		Release|Any CPU = Release|Any CPU
	EndGlobalSection
	GlobalSection(ProjectConfigurationPlatforms) = postSolution
		{32CD70E7-614A-4924-A34E-00D735A9F85F}.Debug|Any CPU.ActiveCfg = Debug|Any CPU
		{32CD70E7-614A-4924-A34E-00D735A9F85F}.Debug|Any CPU.Build.0 = Debug|Any CPU
		{32CD70E7-614A-4924-A34E-00D735A9F85F}.Release|Any CPU.ActiveCfg = Release|Any CPU
		{32CD70E7-614A-4924-A34E-00D735A9F85F}.Release|Any CPU.Build.0 = Release|Any CPU
		{DDC41CC0-FA11-4277-9379-9CD4323C2CAF}.Debug|Any CPU.ActiveCfg = Debug|Any CPU
		{DDC41CC0-FA11-4277-9379-9CD4323C2CAF}.Debug|Any CPU.Build.0 = Debug|Any CPU
		{DDC41CC0-FA11-4277-9379-9CD4323C2CAF}.Release|Any CPU.ActiveCfg = Release|Any CPU
		{DDC41CC0-FA11-4277-9379-9CD4323C2CAF}.Release|Any CPU.Build.0 = Release|Any CPU
		{F71EFFFE-6AE8-471F-B3EB-D7F22EFE5F13}.Debug|Any CPU.ActiveCfg = Debug|Any CPU
		{F71EFFFE-6AE8-471F-B3EB-D7F22EFE5F13}.Debug|Any CPU.Build.0 = Debug|Any CPU
		{F71EFFFE-6AE8-471F-B3EB-D7F22EFE5F13}.Release|Any CPU.ActiveCfg = Release|Any CPU
		{F71EFFFE-6AE8-471F-B3EB-D7F22EFE5F13}.Release|Any CPU.Build.0 = Release|Any CPU
		{A0AAF38D-8D7B-4255-B559-0EEFC66810C6}.Debug|Any CPU.ActiveCfg = Debug|Any CPU
		{A0AAF38D-8D7B-4255-B559-0EEFC66810C6}.Debug|Any CPU.Build.0 = Debug|Any CPU
		{A0AAF38D-8D7B-4255-B559-0EEFC66810C6}.Release|Any CPU.ActiveCfg = Release|Any CPU
		{A0AAF38D-8D7B-4255-B559-0EEFC66810C6}.Release|Any CPU.Build.0 = Release|Any CPU
		{99623E6B-80E6-43A0-87C8-77C52D4C6A86}.Debug|Any CPU.ActiveCfg = Debug|Any CPU
		{99623E6B-80E6-43A0-87C8-77C52D4C6A86}.Debug|Any CPU.Build.0 = Debug|Any CPU
		{99623E6B-80E6-43A0-87C8-77C52D4C6A86}.Release|Any CPU.ActiveCfg = Release|Any CPU
		{99623E6B-80E6-43A0-87C8-77C52D4C6A86}.Release|Any CPU.Build.0 = Release|Any CPU
		{C8A59D49-C9B0-486F-B12B-58FB15BF4722}.Debug|Any CPU.ActiveCfg = Debug|Any CPU
		{C8A59D49-C9B0-486F-B12B-58FB15BF4722}.Debug|Any CPU.Build.0 = Debug|Any CPU
		{C8A59D49-C9B0-486F-B12B-58FB15BF4722}.Release|Any CPU.ActiveCfg = Release|Any CPU
		{C8A59D49-C9B0-486F-B12B-58FB15BF4722}.Release|Any CPU.Build.0 = Release|Any CPU
		{6120346B-33CF-4E5D-B82F-256A4E53240A}.Debug|Any CPU.ActiveCfg = Debug|Any CPU
		{6120346B-33CF-4E5D-B82F-256A4E53240A}.Debug|Any CPU.Build.0 = Debug|Any CPU
		{6120346B-33CF-4E5D-B82F-256A4E53240A}.Release|Any CPU.ActiveCfg = Release|Any CPU
		{6120346B-33CF-4E5D-B82F-256A4E53240A}.Release|Any CPU.Build.0 = Release|Any CPU
		{17D2D090-F71B-457E-AD1A-10A3F09F701F}.Debug|Any CPU.ActiveCfg = Debug|Any CPU
		{17D2D090-F71B-457E-AD1A-10A3F09F701F}.Debug|Any CPU.Build.0 = Debug|Any CPU
		{17D2D090-F71B-457E-AD1A-10A3F09F701F}.Release|Any CPU.ActiveCfg = Release|Any CPU
		{17D2D090-F71B-457E-AD1A-10A3F09F701F}.Release|Any CPU.Build.0 = Release|Any CPU
	EndGlobalSection
	GlobalSection(SolutionProperties) = preSolution
		HideSolutionNode = FALSE
	EndGlobalSection
EndGlobal
