
Microsoft Visual Studio Solution File, Format Version 12.00
# Visual Studio 2012
Project("{FAE04EC0-301F-11D3-BF4B-00C04F79EFBC}") = "WinFormControleSaisie", "WinFormControleSaisie\WinFormControleSaisie.csproj", "{DDC41CC0-FA11-4277-9379-9CD4323C2CAF}"
EndProject
Global
	GlobalSection(SolutionConfigurationPlatforms) = preSolution
		Debug|Any CPU = Debug|Any CPU
		Release|Any CPU = Release|Any CPU
	EndGlobalSection
	GlobalSection(ProjectConfigurationPlatforms) = postSolution
		{DDC41CC0-FA11-4277-9379-9CD4323C2CAF}.Debug|Any CPU.ActiveCfg = Debug|Any CPU
		{DDC41CC0-FA11-4277-9379-9CD4323C2CAF}.Debug|Any CPU.Build.0 = Debug|Any CPU
		{DDC41CC0-FA11-4277-9379-9CD4323C2CAF}.Release|Any CPU.ActiveCfg = Release|Any CPU
		{DDC41CC0-FA11-4277-9379-9CD4323C2CAF}.Release|Any CPU.Build.0 = Release|Any CPU
	EndGlobalSection
	GlobalSection(SolutionProperties) = preSolution
		HideSolutionNode = FALSE
	EndGlobalSection
EndGlobal
